
Microsoft Visual Studio Solution File, Format Version 12.00
# Visual Studio Version 17
VisualStudioVersion = 17.9.34728.123
MinimumVisualStudioVersion = 10.0.40219.1
Project("{9A19103F-16F7-4668-BE54-9A1E7A4F7556}") = "Cute.Docxe", "Cute.Docxe\Cute.Docxe.csproj", "{1280D5FB-1BD1-4FE4-AE46-CC2D6939EC1A}"
EndProject
Project("{2150E333-8FDC-42A3-9474-1A3956D46DE8}") = "Элементы решения", "Элементы решения", "{885443F3-E290-4E41-A9DF-28CB07582E29}"
	ProjectSection(SolutionItems) = preProject
		README.md = README.md
	EndProjectSection
EndProject
Global
	GlobalSection(SolutionConfigurationPlatforms) = preSolution
		Debug|Any CPU = Debug|Any CPU
		Release|Any CPU = Release|Any CPU
	EndGlobalSection
	GlobalSection(ProjectConfigurationPlatforms) = postSolution
		{1280D5FB-1BD1-4FE4-AE46-CC2D6939EC1A}.Debug|Any CPU.ActiveCfg = Debug|Any CPU
		{1280D5FB-1BD1-4FE4-AE46-CC2D6939EC1A}.Debug|Any CPU.Build.0 = Debug|Any CPU
		{1280D5FB-1BD1-4FE4-AE46-CC2D6939EC1A}.Release|Any CPU.ActiveCfg = Release|Any CPU
		{1280D5FB-1BD1-4FE4-AE46-CC2D6939EC1A}.Release|Any CPU.Build.0 = Release|Any CPU
	EndGlobalSection
	GlobalSection(SolutionProperties) = preSolution
		HideSolutionNode = FALSE
	EndGlobalSection
	GlobalSection(ExtensibilityGlobals) = postSolution
		SolutionGuid = {E9D1EB13-1BAC-468F-AC0B-BEB37507FDD9}
	EndGlobalSection
EndGlobal
